
Microsoft Visual Studio Solution File, Format Version 12.00
# Visual Studio Version 17
VisualStudioVersion = 17.6.33801.468
MinimumVisualStudioVersion = 10.0.40219.1
Project("{FAE04EC0-301F-11D3-BF4B-00C04F79EFBC}") = "Persistence of a number", "Persistence of a number\Persistence of a number.csproj", "{70FF5032-B5F1-4698-90DA-BFAF251DCC93}"
EndProject
Global
	GlobalSection(SolutionConfigurationPlatforms) = preSolution
		Debug|Any CPU = Debug|Any CPU
		Release|Any CPU = Release|Any CPU
	EndGlobalSection
	GlobalSection(ProjectConfigurationPlatforms) = postSolution
		{70FF5032-B5F1-4698-90DA-BFAF251DCC93}.Debug|Any CPU.ActiveCfg = Debug|Any CPU
		{70FF5032-B5F1-4698-90DA-BFAF251DCC93}.Debug|Any CPU.Build.0 = Debug|Any CPU
		{70FF5032-B5F1-4698-90DA-BFAF251DCC93}.Release|Any CPU.ActiveCfg = Release|Any CPU
		{70FF5032-B5F1-4698-90DA-BFAF251DCC93}.Release|Any CPU.Build.0 = Release|Any CPU
	EndGlobalSection
	GlobalSection(SolutionProperties) = preSolution
		HideSolutionNode = FALSE
	EndGlobalSection
	GlobalSection(ExtensibilityGlobals) = postSolution
		SolutionGuid = {12B77FFC-A8D9-4476-A6C0-B9E18FC797E3}
	EndGlobalSection
EndGlobal
